github.com/go-chi/chi v1.5.1 h1:kfTK3Cxd/dkMu/rKs5ZceWYp+t5CtiE7vmaTv3LjC6w=
github.com/go-chi/chi v1.5.1/go.mod h1:REp24E+25iKvxgeTfHmdUoL5x15kBiDBlnIl5bCwe2k=
github.com/go-redis/redis v6.15.9+incompatible h1:K0pv1D7EQUjfyoMql+r/jZqCLizCGKFlFgcHWWmHQjg=
github.com/go-redis/redis v6.15.9+incompatible/go.mod h1:NAIEuMOZ/fxfXJIrKDQDz8wamY7mA7PouImQ2Jvg6kA=
github.com/go-sql-driver/mysql v1.5.0 h1:ozyZYNQW3x3HtqT1jira07DN2PArx2v7/mN66gGcHOs=
github.com/go-sql-driver/mysql v1.5.0/go.mod h1:DCzpHaOWr8IXmIStZouvnhqoel9Qv2LBy8hT2VhHyBg=
github.com/pkg/errors v0.9.1 h1:FEBLx1zS214owpjy7qsBeixbURkuhQAwrK5UwLGTwt4=
github.com/pkg/errors v0.9.1/go.mod h1:bwawxfHBFNV+L2hUp1rHADufV3IMtnDRdf1r5NINEl0=
github.com/teris-io/shortid v0.0.0-20201117134242-e59966efd125 h1:3SNcvBmEPE1YlB1JpVZouslJpI3GBNoiqW7+wb0Rz7w=
github.com/teris-io/shortid v0.0.0-20201117134242-e59966efd125/go.mod h1:M8agBzgqHIhgj7wEn9/0hJUZcrvt9VY+Ln+S1I5Mha0=
